// !$*UTF8*$!
{
	archiveVersion = 1;
	classes = {
	};
	objectVersion = 46;
	objects = {

/* Begin PBXBuildFile section */
		69998F0A1A708B4500E31DF8 /* AppDelegate.swift in Sources */ = {isa = PBXBuildFile; fileRef = 69998F091A708B4500E31DF8 /* AppDelegate.swift */; };
		69998F0F1A708B4500E31DF8 /* Main.storyboard in Resources */ = {isa = PBXBuildFile; fileRef = 69998F0D1A708B4500E31DF8 /* Main.storyboard */; };
		69998F111A708B4500E31DF8 /* Images.xcassets in Resources */ = {isa = PBXBuildFile; fileRef = 69998F101A708B4500E31DF8 /* Images.xcassets */; };
		69998F141A708B4500E31DF8 /* LaunchScreen.xib in Resources */ = {isa = PBXBuildFile; fileRef = 69998F121A708B4500E31DF8 /* LaunchScreen.xib */; };
		69998F201A708B4500E31DF8 /* SmoothScrollingTests.swift in Sources */ = {isa = PBXBuildFile; fileRef = 69998F1F1A708B4500E31DF8 /* SmoothScrollingTests.swift */; };
		69998F2A1A708C0D00E31DF8 /* DynamicCell.swift in Sources */ = {isa = PBXBuildFile; fileRef = 69998F291A708C0D00E31DF8 /* DynamicCell.swift */; };
		69998F2C1A708C7C00E31DF8 /* SmoothTableViewController.swift in Sources */ = {isa = PBXBuildFile; fileRef = 69998F2B1A708C7C00E31DF8 /* SmoothTableViewController.swift */; };
/* End PBXBuildFile section */

/* Begin PBXContainerItemProxy section */
		69998F1A1A708B4500E31DF8 /* PBXContainerItemProxy */ = {
			isa = PBXContainerItemProxy;
			containerPortal = 69998EFC1A708B4400E31DF8 /* Project object */;
			proxyType = 1;
			remoteGlobalIDString = 69998F031A708B4500E31DF8;
			remoteInfo = SmoothScrolling;
		};
/* End PBXContainerItemProxy section */

/* Begin PBXFileReference section */
		69998F041A708B4500E31DF8 /* SmoothScrolling.app */ = {isa = PBXFileReference; explicitFileType = wrapper.application; includeInIndex = 0; path = SmoothScrolling.app; sourceTree = BUILT_PRODUCTS_DIR; };
		69998F081A708B4500E31DF8 /* Info.plist */ = {isa = PBXFileReference; lastKnownFileType = text.plist.xml; path = Info.plist; sourceTree = "<group>"; };
		69998F091A708B4500E31DF8 /* AppDelegate.swift */ = {isa = PBXFileReference; lastKnownFileType = sourcecode.swift; path = AppDelegate.swift; sourceTree = "<group>"; };
		69998F0E1A708B4500E31DF8 /* Base */ = {isa = PBXFileReference; lastKnownFileType = file.storyboard; name = Base; path = Base.lproj/Main.storyboard; sourceTree = "<group>"; };
		69998F101A708B4500E31DF8 /* Images.xcassets */ = {isa = PBXFileReference; lastKnownFileType = folder.assetcatalog; path = Images.xcassets; sourceTree = "<group>"; };
		69998F131A708B4500E31DF8 /* Base */ = {isa = PBXFileReference; lastKnownFileType = file.xib; name = Base; path = Base.lproj/LaunchScreen.xib; sourceTree = "<group>"; };
		69998F191A708B4500E31DF8 /* SmoothScrollingTests.xctest */ = {isa = PBXFileReference; explicitFileType = wrapper.cfbundle; includeInIndex = 0; path = SmoothScrollingTests.xctest; sourceTree = BUILT_PRODUCTS_DIR; };
		69998F1E1A708B4500E31DF8 /* Info.plist */ = {isa = PBXFileReference; lastKnownFileType = text.plist.xml; path = Info.plist; sourceTree = "<group>"; };
		69998F1F1A708B4500E31DF8 /* SmoothScrollingTests.swift */ = {isa = PBXFileReference; lastKnownFileType = sourcecode.swift; path = SmoothScrollingTests.swift; sourceTree = "<group>"; };
		69998F291A708C0D00E31DF8 /* DynamicCell.swift */ = {isa = PBXFileReference; fileEncoding = 4; lastKnownFileType = sourcecode.swift; path = DynamicCell.swift; sourceTree = "<group>"; };
		69998F2B1A708C7C00E31DF8 /* SmoothTableViewController.swift */ = {isa = PBXFileReference; fileEncoding = 4; lastKnownFileType = sourcecode.swift; path = SmoothTableViewController.swift; sourceTree = "<group>"; };
/* End PBXFileReference section */

/* Begin PBXFrameworksBuildPhase section */
		69998F011A708B4500E31DF8 /* Frameworks */ = {
			isa = PBXFrameworksBuildPhase;
			buildActionMask = 2147483647;
			files = (
			);
			runOnlyForDeploymentPostprocessing = 0;
		};
		69998F161A708B4500E31DF8 /* Frameworks */ = {
			isa = PBXFrameworksBuildPhase;
			buildActionMask = 2147483647;
			files = (
			);
			runOnlyForDeploymentPostprocessing = 0;
		};
/* End PBXFrameworksBuildPhase section */

/* Begin PBXGroup section */
		69998EFB1A708B4400E31DF8 = {
			isa = PBXGroup;
			children = (
				69998F061A708B4500E31DF8 /* SmoothScrolling */,
				69998F1C1A708B4500E31DF8 /* SmoothScrollingTests */,
				69998F051A708B4500E31DF8 /* Products */,
			);
			sourceTree = "<group>";
		};
		69998F051A708B4500E31DF8 /* Products */ = {
			isa = PBXGroup;
			children = (
				69998F041A708B4500E31DF8 /* SmoothScrolling.app */,
				69998F191A708B4500E31DF8 /* SmoothScrollingTests.xctest */,
			);
			name = Products;
			sourceTree = "<group>";
		};
		69998F061A708B4500E31DF8 /* SmoothScrolling */ = {
			isa = PBXGroup;
			children = (
				69998F091A708B4500E31DF8 /* AppDelegate.swift */,
				69998F0D1A708B4500E31DF8 /* Main.storyboard */,
				69998F101A708B4500E31DF8 /* Images.xcassets */,
				69998F121A708B4500E31DF8 /* LaunchScreen.xib */,
				69998F071A708B4500E31DF8 /* Supporting Files */,
				69998F291A708C0D00E31DF8 /* DynamicCell.swift */,
				69998F2B1A708C7C00E31DF8 /* SmoothTableViewController.swift */,
			);
			path = SmoothScrolling;
			sourceTree = "<group>";
		};
		69998F071A708B4500E31DF8 /* Supporting Files */ = {
			isa = PBXGroup;
			children = (
				69998F081A708B4500E31DF8 /* Info.plist */,
			);
			name = "Supporting Files";
			sourceTree = "<group>";
		};
		69998F1C1A708B4500E31DF8 /* SmoothScrollingTests */ = {
			isa = PBXGroup;
			children = (
				69998F1F1A708B4500E31DF8 /* SmoothScrollingTests.swift */,
				69998F1D1A708B4500E31DF8 /* Supporting Files */,
			);
			path = SmoothScrollingTests;
			sourceTree = "<group>";
		};
		69998F1D1A708B4500E31DF8 /* Supporting Files */ = {
			isa = PBXGroup;
			children = (
				69998F1E1A708B4500E31DF8 /* Info.plist */,
			);
			name = "Supporting Files";
			sourceTree = "<group>";
		};
/* End PBXGroup section */

/* Begin PBXNativeTarget section */
		69998F031A708B4500E31DF8 /* SmoothScrolling */ = {
			isa = PBXNativeTarget;
			buildConfigurationList = 69998F231A708B4500E31DF8 /* Build configuration list for PBXNativeTarget "SmoothScrolling" */;
			buildPhases = (
				69998F001A708B4500E31DF8 /* Sources */,
				69998F011A708B4500E31DF8 /* Frameworks */,
				69998F021A708B4500E31DF8 /* Resources */,
			);
			buildRules = (
			);
			dependencies = (
			);
			name = SmoothScrolling;
			productName = SmoothScrolling;
			productReference = 69998F041A708B4500E31DF8 /* SmoothScrolling.app */;
			productType = "com.apple.product-type.application";
		};
		69998F181A708B4500E31DF8 /* SmoothScrollingTests */ = {
			isa = PBXNativeTarget;
			buildConfigurationList = 69998F261A708B4500E31DF8 /* Build configuration list for PBXNativeTarget "SmoothScrollingTests" */;
			buildPhases = (
				69998F151A708B4500E31DF8 /* Sources */,
				69998F161A708B4500E31DF8 /* Frameworks */,
				69998F171A708B4500E31DF8 /* Resources */,
			);
			buildRules = (
			);
			dependencies = (
				69998F1B1A708B4500E31DF8 /* PBXTargetDependency */,
			);
			name = SmoothScrollingTests;
			productName = SmoothScrollingTests;
			productReference = 69998F191A708B4500E31DF8 /* SmoothScrollingTests.xctest */;
			productType = "com.apple.product-type.bundle.unit-test";
		};
/* End PBXNativeTarget section */

/* Begin PBXProject section */
		69998EFC1A708B4400E31DF8 /* Project object */ = {
			isa = PBXProject;
			attributes = {
				LastUpgradeCheck = 0610;
				ORGANIZATIONNAME = Indiegogo;
				TargetAttributes = {
					69998F031A708B4500E31DF8 = {
						CreatedOnToolsVersion = 6.1.1;
					};
					69998F181A708B4500E31DF8 = {
						CreatedOnToolsVersion = 6.1.1;
						TestTargetID = 69998F031A708B4500E31DF8;
					};
				};
			};
			buildConfigurationList = 69998EFF1A708B4400E31DF8 /* Build configuration list for PBXProject "SmoothScrolling" */;
			compatibilityVersion = "Xcode 3.2";
			developmentRegion = English;
			hasScannedForEncodings = 0;
			knownRegions = (
				en,
				Base,
			);
			mainGroup = 69998EFB1A708B4400E31DF8;
			productRefGroup = 69998F051A708B4500E31DF8 /* Products */;
			projectDirPath = "";
			projectRoot = "";
			targets = (
				69998F031A708B4500E31DF8 /* SmoothScrolling */,
				69998F181A708B4500E31DF8 /* SmoothScrollingTests */,
			);
		};
/* End PBXProject section */

/* Begin PBXResourcesBuildPhase section */
		69998F021A708B4500E31DF8 /* Resources */ = {
			isa = PBXResourcesBuildPhase;
			buildActionMask = 2147483647;
			files = (
				69998F0F1A708B4500E31DF8 /* Main.storyboard in Resources */,
				69998F141A708B4500E31DF8 /* LaunchScreen.xib in Resources */,
				69998F111A708B4500E31DF8 /* Images.xcassets in Resources */,
			);
			runOnlyForDeploymentPostprocessing = 0;
		};
		69998F171A708B4500E31DF8 /* Resources */ = {
			isa = PBXResourcesBuildPhase;
			buildActionMask = 2147483647;
			files = (
			);
			runOnlyForDeploymentPostprocessing = 0;
		};
/* End PBXResourcesBuildPhase section */

/* Begin PBXSourcesBuildPhase section */
		69998F001A708B4500E31DF8 /* Sources */ = {
			isa = PBXSourcesBuildPhase;
			buildActionMask = 2147483647;
			files = (
				69998F2A1A708C0D00E31DF8 /* DynamicCell.swift in Sources */,
				69998F2C1A708C7C00E31DF8 /* SmoothTableViewController.swift in Sources */,
				69998F0A1A708B4500E31DF8 /* AppDelegate.swift in Sources */,
			);
			runOnlyForDeploymentPostprocessing = 0;
		};
		69998F151A708B4500E31DF8 /* Sources */ = {
			isa = PBXSourcesBuildPhase;
			buildActionMask = 2147483647;
			files = (
				69998F201A708B4500E31DF8 /* SmoothScrollingTests.swift in Sources */,
			);
			runOnlyForDeploymentPostprocessing = 0;
		};
/* End PBXSourcesBuildPhase section */

/* Begin PBXTargetDependency section */
		69998F1B1A708B4500E31DF8 /* PBXTargetDependency */ = {
			isa = PBXTargetDependency;
			target = 69998F031A708B4500E31DF8 /* SmoothScrolling */;
			targetProxy = 69998F1A1A708B4500E31DF8 /* PBXContainerItemProxy */;
		};
/* End PBXTargetDependency section */

/* Begin PBXVariantGroup section */
		69998F0D1A708B4500E31DF8 /* Main.storyboard */ = {
			isa = PBXVariantGroup;
			children = (
				69998F0E1A708B4500E31DF8 /* Base */,
			);
			name = Main.storyboard;
			sourceTree = "<group>";
		};
		69998F121A708B4500E31DF8 /* LaunchScreen.xib */ = {
			isa = PBXVariantGroup;
			children = (
				69998F131A708B4500E31DF8 /* Base */,
			);
			name = LaunchScreen.xib;
			sourceTree = "<group>";
		};
/* End PBXVariantGroup section */

/* Begin XCBuildConfiguration section */
		69998F211A708B4500E31DF8 /* Debug */ = {
			isa = XCBuildConfiguration;
			buildSettings = {
				ALWAYS_SEARCH_USER_PATHS = NO;
				CLANG_CXX_LANGUAGE_STANDARD = "gnu++0x";
				CLANG_CXX_LIBRARY = "libc++";
				CLANG_ENABLE_MODULES = YES;
				CLANG_ENABLE_OBJC_ARC = YES;
				CLANG_WARN_BOOL_CONVERSION = YES;
				CLANG_WARN_CONSTANT_CONVERSION = YES;
				CLANG_WARN_DIRECT_OBJC_ISA_USAGE = YES_ERROR;
				CLANG_WARN_EMPTY_BODY = YES;
				CLANG_WARN_ENUM_CONVERSION = YES;
				CLANG_WARN_INT_CONVERSION = YES;
				CLANG_WARN_OBJC_ROOT_CLASS = YES_ERROR;
				CLANG_WARN_UNREACHABLE_CODE = YES;
				CLANG_WARN__DUPLICATE_METHOD_MATCH = YES;
				"CODE_SIGN_IDENTITY[sdk=iphoneos*]" = "iPhone Developer";
				COPY_PHASE_STRIP = NO;
				ENABLE_STRICT_OBJC_MSGSEND = YES;
				GCC_C_LANGUAGE_STANDARD = gnu99;
				GCC_DYNAMIC_NO_PIC = NO;
				GCC_OPTIMIZATION_LEVEL = 0;
				GCC_PREPROCESSOR_DEFINITIONS = (
					"DEBUG=1",
					"$(inherited)",
				);
				GCC_SYMBOLS_PRIVATE_EXTERN = NO;
				GCC_WARN_64_TO_32_BIT_CONVERSION = YES;
				GCC_WARN_ABOUT_RETURN_TYPE = YES_ERROR;
				GCC_WARN_UNDECLARED_SELECTOR = YES;
				GCC_WARN_UNINITIALIZED_AUTOS = YES_AGGRESSIVE;
				GCC_WARN_UNUSED_FUNCTION = YES;
				GCC_WARN_UNUSED_VARIABLE = YES;
				IPHONEOS_DEPLOYMENT_TARGET = 8.1;
				MTL_ENABLE_DEBUG_INFO = YES;
				ONLY_ACTIVE_ARCH = YES;
				SDKROOT = iphoneos;
				SWIFT_OPTIMIZATION_LEVEL = "-Onone";
			};
			name = Debug;
		};
		69998F221A708B4500E31DF8 /* Release */ = {
			isa = XCBuildConfiguration;
			buildSettings = {
				ALWAYS_SEARCH_USER_PATHS = NO;
				CLANG_CXX_LANGUAGE_STANDARD = "gnu++0x";
				CLANG_CXX_LIBRARY = "libc++";
				CLANG_ENABLE_MODULES = YES;
				CLANG_ENABLE_OBJC_ARC = YES;
				CLANG_WARN_BOOL_CONVERSION = YES;
				CLANG_WARN_CONSTANT_CONVERSION = YES;
				CLANG_WARN_DIRECT_OBJC_ISA_USAGE = YES_ERROR;
				CLANG_WARN_EMPTY_BODY = YES;
				CLANG_WARN_ENUM_CONVERSION = YES;
				CLANG_WARN_INT_CONVERSION = YES;
				CLANG_WARN_OBJC_ROOT_CLASS = YES_ERROR;
				CLANG_WARN_UNREACHABLE_CODE = YES;
				CLANG_WARN__DUPLICATE_METHOD_MATCH = YES;
				"CODE_SIGN_IDENTITY[sdk=iphoneos*]" = "iPhone Developer";
				COPY_PHASE_STRIP = YES;
				ENABLE_NS_ASSERTIONS = NO;
				ENABLE_STRICT_OBJC_MSGSEND = YES;
				GCC_C_LANGUAGE_STANDARD = gnu99;
				GCC_WARN_64_TO_32_BIT_CONVERSION = YES;
				GCC_WARN_ABOUT_RETURN_TYPE = YES_ERROR;
				GCC_WARN_UNDECLARED_SELECTOR = YES;
				GCC_WARN_UNINITIALIZED_AUTOS = YES_AGGRESSIVE;
				GCC_WARN_UNUSED_FUNCTION = YES;
				GCC_WARN_UNUSED_VARIABLE = YES;
				IPHONEOS_DEPLOYMENT_TARGET = 8.1;
				MTL_ENABLE_DEBUG_INFO = NO;
				SDKROOT = iphoneos;
				VALIDATE_PRODUCT = YES;
			};
			name = Release;
		};
		69998F241A708B4500E31DF8 /* Debug */ = {
			isa = XCBuildConfiguration;
			buildSettings = {
				ASSETCATALOG_COMPILER_APPICON_NAME = AppIcon;
				INFOPLIST_FILE = SmoothScrolling/Info.plist;
				LD_RUNPATH_SEARCH_PATHS = "$(inherited) @executable_path/Frameworks";
				PRODUCT_NAME = "$(TARGET_NAME)";
			};
			name = Debug;
		};
		69998F251A708B4500E31DF8 /* Release */ = {
			isa = XCBuildConfiguration;
			buildSettings = {
				ASSETCATALOG_COMPILER_APPICON_NAME = AppIcon;
				INFOPLIST_FILE = SmoothScrolling/Info.plist;
				LD_RUNPATH_SEARCH_PATHS = "$(inherited) @executable_path/Frameworks";
				PRODUCT_NAME = "$(TARGET_NAME)";
			};
			name = Release;
		};
		69998F271A708B4500E31DF8 /* Debug */ = {
			isa = XCBuildConfiguration;
			buildSettings = {
				BUNDLE_LOADER = "$(TEST_HOST)";
				FRAMEWORK_SEARCH_PATHS = (
					"$(SDKROOT)/Developer/Library/Frameworks",
					"$(inherited)",
				);
				GCC_PREPROCESSOR_DEFINITIONS = (
					"DEBUG=1",
					"$(inherited)",
				);
				INFOPLIST_FILE = SmoothScrollingTests/Info.plist;
				LD_RUNPATH_SEARCH_PATHS = "$(inherited) @executable_path/Frameworks @loader_path/Frameworks";
				PRODUCT_NAME = "$(TARGET_NAME)";
				TEST_HOST = "$(BUILT_PRODUCTS_DIR)/SmoothScrolling.app/SmoothScrolling";
			};
			name = Debug;
		};
		69998F281A708B4500E31DF8 /* Release */ = {
			isa = XCBuildConfiguration;
			buildSettings = {
				BUNDLE_LOADER = "$(TEST_HOST)";
				FRAMEWORK_SEARCH_PATHS = (
					"$(SDKROOT)/Developer/Library/Frameworks",
					"$(inherited)",
				);
				INFOPLIST_FILE = SmoothScrollingTests/Info.plist;
				LD_RUNPATH_SEARCH_PATHS = "$(inherited) @executable_path/Frameworks @loader_path/Frameworks";
				PRODUCT_NAME = "$(TARGET_NAME)";
				TEST_HOST = "$(BUILT_PRODUCTS_DIR)/SmoothScrolling.app/SmoothScrolling";
			};
			name = Release;
		};
/* End XCBuildConfiguration section */

/* Begin XCConfigurationList section */
		69998EFF1A708B4400E31DF8 /* Build configuration list for PBXProject "SmoothScrolling" */ = {
			isa = XCConfigurationList;
			buildConfigurations = (
				69998F211A708B4500E31DF8 /* Debug */,
				69998F221A708B4500E31DF8 /* Release */,
			);
			defaultConfigurationIsVisible = 0;
			defaultConfigurationName = Release;
		};
		69998F231A708B4500E31DF8 /* Build configuration list for PBXNativeTarget "SmoothScrolling" */ = {
			isa = XCConfigurationList;
			buildConfigurations = (
				69998F241A708B4500E31DF8 /* Debug */,
				69998F251A708B4500E31DF8 /* Release */,
			);
			defaultConfigurationIsVisible = 0;
		};
		69998F261A708B4500E31DF8 /* Build configuration list for PBXNativeTarget "SmoothScrollingTests" */ = {
			isa = XCConfigurationList;
			buildConfigurations = (
				69998F271A708B4500E31DF8 /* Debug */,
				69998F281A708B4500E31DF8 /* Release */,
			);
			defaultConfigurationIsVisible = 0;
		};
/* End XCConfigurationList section */
	};
	rootObject = 69998EFC1A708B4400E31DF8 /* Project object */;
}
